github.com/tencentcloud/tencentcloud-sdk-go/tencentcloud/common v1.3.123/go.mod h1:r5r4xbfxSaeR04b166HGsBa/R4U3SueirEUpXGuw+Q0=
github.com/tencentcloud/tencentcloud-sdk-go/tencentcloud/common v1.3.127 h1:/Z1234g1ixp6dR5YR8+CHYKcf6A3HgOWiJjBU96vvng=
github.com/tencentcloud/tencentcloud-sdk-go/tencentcloud/common v1.3.127/go.mod h1:r5r4xbfxSaeR04b166HGsBa/R4U3SueirEUpXGuw+Q0=
github.com/tencentcloud/tencentcloud-sdk-go/tencentcloud/cvm v1.3.127 h1:a+M7TkRuyAn1GEyZLCO6dSydURnBSk5id+Eq+LPL2zg=
github.com/tencentcloud/tencentcloud-sdk-go/tencentcloud/cvm v1.3.127/go.mod h1:oV1tJKeIY7R+KYf6vnkn1SGXXgirvdNMc7/ly4vJ5r0=
github.com/tencentcloud/tencentcloud-sdk-go/tencentcloud/tke v1.3.123 h1:P1W4T1zuzdG0AGPyIlqO4kkbKrL9f0iqubf21YKtHWk=
github.com/tencentcloud/tencentcloud-sdk-go/tencentcloud/tke v1.3.123/go.mod h1:tyljeRHAxj1fHLvTpiImJhEDDlw21xpfm7KYtjEun60=
